PODS:
  - Alamofire (5.0.0-beta.7)
  - Cosmos (19.0.3)
  - SDWebImage (5.1.0):
    - SDWebImage/Core (= 5.1.0)
  - SDWebImage/Core (5.1.0)

DEPENDENCIES:
  - Alamofire (~> 5.0.0-beta.5)
  - Cosmos (~> 19.0)
  - SDWebImage (~> 5.0)

SPEC REPOS:
  https://github.com/cocoapods/specs.git:
    - Alamofire
    - Cosmos
    - SDWebImage

SPEC CHECKSUMS:
  Alamofire: bd07938ceecad59d2492aeecb1f785a8f2721160
  Cosmos: a6fb17284281fa12cf4c85c2efecd440a215ec44
  SDWebImage: fb387001955223213dde14bc08c8b73f371f8d8f

PODFILE CHECKSUM: cabd906d1b940d520c06afc99b8fae978f6b84e8

COCOAPODS: 1.7.5
